
Microsoft Visual Studio Solution File, Format Version 12.00
Project("{FAE04EC0-301F-11D3-BF4B-00C04F79EFBC}") = "UDA.InstructionScreen", "UDA.InstructionScreen\UDA.InstructionScreen.csproj", "{17BC56CC-3996-4985-9447-83EB7A6B8DB9}"
EndProject
Project("{FAE04EC0-301F-11D3-BF4B-00C04F79EFBC}") = "UDA.Shared", "UDA.Shared\UDA.Shared.csproj", "{2F397769-0118-4BF6-8DAD-4EB1955766ED}"
EndProject
Project("{FAE04EC0-301F-11D3-BF4B-00C04F79EFBC}") = "UDA.UDACapabilities.Shared", "UDA.UDACapabilities.Shared\UDA.UDACapabilities.Shared.csproj", "{1126B917-6FE0-4CAF-8F17-3133E1A53946}"
EndProject
Project("{FAE04EC0-301F-11D3-BF4B-00C04F79EFBC}") = "UDA.InstructionScreen.Shared", "UDA.InstructionScreen.Shared\UDA.InstructionScreen.Shared.csproj", "{00B201F5-44EF-4875-ACF6-B172E45852B5}"
EndProject
Global
	GlobalSection(SolutionConfigurationPlatforms) = preSolution
		Debug|Any CPU = Debug|Any CPU
		Release|Any CPU = Release|Any CPU
	EndGlobalSection
	GlobalSection(ProjectConfigurationPlatforms) = postSolution
		{17BC56CC-3996-4985-9447-83EB7A6B8DB9}.Debug|Any CPU.ActiveCfg = Debug|Any CPU
		{17BC56CC-3996-4985-9447-83EB7A6B8DB9}.Debug|Any CPU.Build.0 = Debug|Any CPU
		{17BC56CC-3996-4985-9447-83EB7A6B8DB9}.Release|Any CPU.ActiveCfg = Release|Any CPU
		{17BC56CC-3996-4985-9447-83EB7A6B8DB9}.Release|Any CPU.Build.0 = Release|Any CPU
		{2F397769-0118-4BF6-8DAD-4EB1955766ED}.Debug|Any CPU.ActiveCfg = Debug|Any CPU
		{2F397769-0118-4BF6-8DAD-4EB1955766ED}.Debug|Any CPU.Build.0 = Debug|Any CPU
		{2F397769-0118-4BF6-8DAD-4EB1955766ED}.Release|Any CPU.ActiveCfg = Release|Any CPU
		{2F397769-0118-4BF6-8DAD-4EB1955766ED}.Release|Any CPU.Build.0 = Release|Any CPU
		{1126B917-6FE0-4CAF-8F17-3133E1A53946}.Debug|Any CPU.ActiveCfg = Debug|Any CPU
		{1126B917-6FE0-4CAF-8F17-3133E1A53946}.Debug|Any CPU.Build.0 = Debug|Any CPU
		{1126B917-6FE0-4CAF-8F17-3133E1A53946}.Release|Any CPU.ActiveCfg = Release|Any CPU
		{1126B917-6FE0-4CAF-8F17-3133E1A53946}.Release|Any CPU.Build.0 = Release|Any CPU
		{00B201F5-44EF-4875-ACF6-B172E45852B5}.Debug|Any CPU.ActiveCfg = Debug|Any CPU
		{00B201F5-44EF-4875-ACF6-B172E45852B5}.Debug|Any CPU.Build.0 = Debug|Any CPU
		{00B201F5-44EF-4875-ACF6-B172E45852B5}.Release|Any CPU.ActiveCfg = Release|Any CPU
		{00B201F5-44EF-4875-ACF6-B172E45852B5}.Release|Any CPU.Build.0 = Release|Any CPU
	EndGlobalSection
EndGlobal
